// !$*UTF8*$!
{
	archiveVersion = 1;
	classes = {
	};
	objectVersion = 46;
	objects = {

/* Begin PBXBuildFile section */
		48211E0E1E6305B800FF085A /* main.m in Sources */ = {isa = PBXBuildFile; fileRef = 48211E0D1E6305B800FF085A /* main.m */; };
		48211E111E6305B800FF085A /* AppDelegate.m in Sources */ = {isa = PBXBuildFile; fileRef = 48211E101E6305B800FF085A /* AppDelegate.m */; };
		48211E141E6305B800FF085A /* ViewController.m in Sources */ = {isa = PBXBuildFile; fileRef = 48211E131E6305B800FF085A /* ViewController.m */; };
		48211E171E6305B800FF085A /* Main.storyboard in Resources */ = {isa = PBXBuildFile; fileRef = 48211E151E6305B800FF085A /* Main.storyboard */; };
		48211E191E6305B800FF085A /* Assets.xcassets in Resources */ = {isa = PBXBuildFile; fileRef = 48211E181E6305B800FF085A /* Assets.xcassets */; };
		48211E1C1E6305B800FF085A /* LaunchScreen.storyboard in Resources */ = {isa = PBXBuildFile; fileRef = 48211E1A1E6305B800FF085A /* LaunchScreen.storyboard */; };
		48211E261E63060600FF085A /* LoadButton.m in Sources */ = {isa = PBXBuildFile; fileRef = 48211E251E63060600FF085A /* LoadButton.m */; };
/* End PBXBuildFile section */

/* Begin PBXFileReference section */
		48211E091E6305B800FF085A /* LoadButton.app */ = {isa = PBXFileReference; explicitFileType = wrapper.application; includeInIndex = 0; path = LoadButton.app; sourceTree = BUILT_PRODUCTS_DIR; };
		48211E0D1E6305B800FF085A /* main.m */ = {isa = PBXFileReference; lastKnownFileType = sourcecode.c.objc; path = main.m; sourceTree = "<group>"; };
		48211E0F1E6305B800FF085A /* AppDelegate.h */ = {isa = PBXFileReference; lastKnownFileType = sourcecode.c.h; path = AppDelegate.h; sourceTree = "<group>"; };
		48211E101E6305B800FF085A /* AppDelegate.m */ = {isa = PBXFileReference; lastKnownFileType = sourcecode.c.objc; path = AppDelegate.m; sourceTree = "<group>"; };
		48211E121E6305B800FF085A /* ViewController.h */ = {isa = PBXFileReference; lastKnownFileType = sourcecode.c.h; path = ViewController.h; sourceTree = "<group>"; };
		48211E131E6305B800FF085A /* ViewController.m */ = {isa = PBXFileReference; lastKnownFileType = sourcecode.c.objc; path = ViewController.m; sourceTree = "<group>"; };
		48211E161E6305B800FF085A /* Base */ = {isa = PBXFileReference; lastKnownFileType = file.storyboard; name = Base; path = Base.lproj/Main.storyboard; sourceTree = "<group>"; };
		48211E181E6305B800FF085A /* Assets.xcassets */ = {isa = PBXFileReference; lastKnownFileType = folder.assetcatalog; path = Assets.xcassets; sourceTree = "<group>"; };
		48211E1B1E6305B800FF085A /* Base */ = {isa = PBXFileReference; lastKnownFileType = file.storyboard; name = Base; path = Base.lproj/LaunchScreen.storyboard; sourceTree = "<group>"; };
		48211E1D1E6305B800FF085A /* Info.plist */ = {isa = PBXFileReference; lastKnownFileType = text.plist.xml; path = Info.plist; sourceTree = "<group>"; };
		48211E241E63060600FF085A /* LoadButton.h */ = {isa = PBXFileReference; fileEncoding = 4; lastKnownFileType = sourcecode.c.h; path = LoadButton.h; sourceTree = "<group>"; };
		48211E251E63060600FF085A /* LoadButton.m */ = {isa = PBXFileReference; fileEncoding = 4; lastKnownFileType = sourcecode.c.objc; path = LoadButton.m; sourceTree = "<group>"; };
/* End PBXFileReference section */

/* Begin PBXFrameworksBuildPhase section */
		48211E061E6305B800FF085A /* Frameworks */ = {
			isa = PBXFrameworksBuildPhase;
			buildActionMask = 2147483647;
			files = (
			);
			runOnlyForDeploymentPostprocessing = 0;
		};
/* End PBXFrameworksBuildPhase section */

/* Begin PBXGroup section */
		48211E001E6305B800FF085A = {
			isa = PBXGroup;
			children = (
				48211E0B1E6305B800FF085A /* LoadButton */,
				48211E0A1E6305B800FF085A /* Products */,
			);
			sourceTree = "<group>";
		};
		48211E0A1E6305B800FF085A /* Products */ = {
			isa = PBXGroup;
			children = (
				48211E091E6305B800FF085A /* LoadButton.app */,
			);
			name = Products;
			sourceTree = "<group>";
		};
		48211E0B1E6305B800FF085A /* LoadButton */ = {
			isa = PBXGroup;
			children = (
				48211E231E63060600FF085A /* LoadButton */,
				48211E0F1E6305B800FF085A /* AppDelegate.h */,
				48211E101E6305B800FF085A /* AppDelegate.m */,
				48211E121E6305B800FF085A /* ViewController.h */,
				48211E131E6305B800FF085A /* ViewController.m */,
				48211E151E6305B800FF085A /* Main.storyboard */,
				48211E181E6305B800FF085A /* Assets.xcassets */,
				48211E1A1E6305B800FF085A /* LaunchScreen.storyboard */,
				48211E1D1E6305B800FF085A /* Info.plist */,
				48211E0C1E6305B800FF085A /* Supporting Files */,
			);
			path = LoadButton;
			sourceTree = "<group>";
		};
		48211E0C1E6305B800FF085A /* Supporting Files */ = {
			isa = PBXGroup;
			children = (
				48211E0D1E6305B800FF085A /* main.m */,
			);
			name = "Supporting Files";
			sourceTree = "<group>";
		};
		48211E231E63060600FF085A /* LoadButton */ = {
			isa = PBXGroup;
			children = (
				48211E241E63060600FF085A /* LoadButton.h */,
				48211E251E63060600FF085A /* LoadButton.m */,
			);
			path = LoadButton;
			sourceTree = "<group>";
		};
/* End PBXGroup section */

/* Begin PBXNativeTarget section */
		48211E081E6305B800FF085A /* LoadButton */ = {
			isa = PBXNativeTarget;
			buildConfigurationList = 48211E201E6305B800FF085A /* Build configuration list for PBXNativeTarget "LoadButton" */;
			buildPhases = (
				48211E051E6305B800FF085A /* Sources */,
				48211E061E6305B800FF085A /* Frameworks */,
				48211E071E6305B800FF085A /* Resources */,
			);
			buildRules = (
			);
			dependencies = (
			);
			name = LoadButton;
			productName = LoadButton;
			productReference = 48211E091E6305B800FF085A /* LoadButton.app */;
			productType = "com.apple.product-type.application";
		};
/* End PBXNativeTarget section */

/* Begin PBXProject section */
		48211E011E6305B800FF085A /* Project object */ = {
			isa = PBXProject;
			attributes = {
				LastUpgradeCheck = 0820;
				ORGANIZATIONNAME = Goldcard;
				TargetAttributes = {
					48211E081E6305B800FF085A = {
						CreatedOnToolsVersion = 8.2.1;
						DevelopmentTeam = 4CX6972XTR;
						ProvisioningStyle = Automatic;
					};
				};
			};
			buildConfigurationList = 48211E041E6305B800FF085A /* Build configuration list for PBXProject "LoadButton" */;
			compatibilityVersion = "Xcode 3.2";
			developmentRegion = English;
			hasScannedForEncodings = 0;
			knownRegions = (
				en,
				Base,
			);
			mainGroup = 48211E001E6305B800FF085A;
			productRefGroup = 48211E0A1E6305B800FF085A /* Products */;
			projectDirPath = "";
			projectRoot = "";
			targets = (
				48211E081E6305B800FF085A /* LoadButton */,
			);
		};
/* End PBXProject section */

/* Begin PBXResourcesBuildPhase section */
		48211E071E6305B800FF085A /* Resources */ = {
			isa = PBXResourcesBuildPhase;
			buildActionMask = 2147483647;
			files = (
				48211E1C1E6305B800FF085A /* LaunchScreen.storyboard in Resources */,
				48211E191E6305B800FF085A /* Assets.xcassets in Resources */,
				48211E171E6305B800FF085A /* Main.storyboard in Resources */,
			);
			runOnlyForDeploymentPostprocessing = 0;
		};
/* End PBXResourcesBuildPhase section */

/* Begin PBXSourcesBuildPhase section */
		48211E051E6305B800FF085A /* Sources */ = {
			isa = PBXSourcesBuildPhase;
			buildActionMask = 2147483647;
			files = (
				48211E141E6305B800FF085A /* ViewController.m in Sources */,
				48211E111E6305B800FF085A /* AppDelegate.m in Sources */,
				48211E0E1E6305B800FF085A /* main.m in Sources */,
				48211E261E63060600FF085A /* LoadButton.m in Sources */,
			);
			runOnlyForDeploymentPostprocessing = 0;
		};
/* End PBXSourcesBuildPhase section */

/* Begin PBXVariantGroup section */
		48211E151E6305B800FF085A /* Main.storyboard */ = {
			isa = PBXVariantGroup;
			children = (
				48211E161E6305B800FF085A /* Base */,
			);
			name = Main.storyboard;
			sourceTree = "<group>";
		};
		48211E1A1E6305B800FF085A /* LaunchScreen.storyboard */ = {
			isa = PBXVariantGroup;
			children = (
				48211E1B1E6305B800FF085A /* Base */,
			);
			name = LaunchScreen.storyboard;
			sourceTree = "<group>";
		};
/* End PBXVariantGroup section */

/* Begin XCBuildConfiguration section */
		48211E1E1E6305B800FF085A /* Debug */ = {
			isa = XCBuildConfiguration;
			buildSettings = {
				ALWAYS_SEARCH_USER_PATHS = NO;
				CLANG_ANALYZER_NONNULL = YES;
				CLANG_CXX_LANGUAGE_STANDARD = "gnu++0x";
				CLANG_CXX_LIBRARY = "libc++";
				CLANG_ENABLE_MODULES = YES;
				CLANG_ENABLE_OBJC_ARC = YES;
				CLANG_WARN_BOOL_CONVERSION = YES;
				CLANG_WARN_CONSTANT_CONVERSION = YES;
				CLANG_WARN_DIRECT_OBJC_ISA_USAGE = YES_ERROR;
				CLANG_WARN_DOCUMENTATION_COMMENTS = YES;
				CLANG_WARN_EMPTY_BODY = YES;
				CLANG_WARN_ENUM_CONVERSION = YES;
				CLANG_WARN_INFINITE_RECURSION = YES;
				CLANG_WARN_INT_CONVERSION = YES;
				CLANG_WARN_OBJC_ROOT_CLASS = YES_ERROR;
				CLANG_WARN_SUSPICIOUS_MOVE = YES;
				CLANG_WARN_UNREACHABLE_CODE = YES;
				CLANG_WARN__DUPLICATE_METHOD_MATCH = YES;
				"CODE_SIGN_IDENTITY[sdk=iphoneos*]" = "iPhone Developer";
				COPY_PHASE_STRIP = NO;
				DEBUG_INFORMATION_FORMAT = dwarf;
				ENABLE_STRICT_OBJC_MSGSEND = YES;
				ENABLE_TESTABILITY = YES;
				GCC_C_LANGUAGE_STANDARD = gnu99;
				GCC_DYNAMIC_NO_PIC = NO;
				GCC_NO_COMMON_BLOCKS = YES;
				GCC_OPTIMIZATION_LEVEL = 0;
				GCC_PREPROCESSOR_DEFINITIONS = (
					"DEBUG=1",
					"$(inherited)",
				);
				GCC_WARN_64_TO_32_BIT_CONVERSION = YES;
				GCC_WARN_ABOUT_RETURN_TYPE = YES_ERROR;
				GCC_WARN_UNDECLARED_SELECTOR = YES;
				GCC_WARN_UNINITIALIZED_AUTOS = YES_AGGRESSIVE;
				GCC_WARN_UNUSED_FUNCTION = YES;
				GCC_WARN_UNUSED_VARIABLE = YES;
				IPHONEOS_DEPLOYMENT_TARGET = 10.2;
				MTL_ENABLE_DEBUG_INFO = YES;
				ONLY_ACTIVE_ARCH = YES;
				SDKROOT = iphoneos;
				TARGETED_DEVICE_FAMILY = "1,2";
			};
			name = Debug;
		};
		48211E1F1E6305B800FF085A /* Release */ = {
			isa = XCBuildConfiguration;
			buildSettings = {
				ALWAYS_SEARCH_USER_PATHS = NO;
				CLANG_ANALYZER_NONNULL = YES;
				CLANG_CXX_LANGUAGE_STANDARD = "gnu++0x";
				CLANG_CXX_LIBRARY = "libc++";
				CLANG_ENABLE_MODULES = YES;
				CLANG_ENABLE_OBJC_ARC = YES;
				CLANG_WARN_BOOL_CONVERSION = YES;
				CLANG_WARN_CONSTANT_CONVERSION = YES;
				CLANG_WARN_DIRECT_OBJC_ISA_USAGE = YES_ERROR;
				CLANG_WARN_DOCUMENTATION_COMMENTS = YES;
				CLANG_WARN_EMPTY_BODY = YES;
				CLANG_WARN_ENUM_CONVERSION = YES;
				CLANG_WARN_INFINITE_RECURSION = YES;
				CLANG_WARN_INT_CONVERSION = YES;
				CLANG_WARN_OBJC_ROOT_CLASS = YES_ERROR;
				CLANG_WARN_SUSPICIOUS_MOVE = YES;
				CLANG_WARN_UNREACHABLE_CODE = YES;
				CLANG_WARN__DUPLICATE_METHOD_MATCH = YES;
				"CODE_SIGN_IDENTITY[sdk=iphoneos*]" = "iPhone Developer";
				COPY_PHASE_STRIP = NO;
				DEBUG_INFORMATION_FORMAT = "dwarf-with-dsym";
				ENABLE_NS_ASSERTIONS = NO;
				ENABLE_STRICT_OBJC_MSGSEND = YES;
				GCC_C_LANGUAGE_STANDARD = gnu99;
				GCC_NO_COMMON_BLOCKS = YES;
				GCC_WARN_64_TO_32_BIT_CONVERSION = YES;
				GCC_WARN_ABOUT_RETURN_TYPE = YES_ERROR;
				GCC_WARN_UNDECLARED_SELECTOR = YES;
				GCC_WARN_UNINITIALIZED_AUTOS = YES_AGGRESSIVE;
				GCC_WARN_UNUSED_FUNCTION = YES;
				GCC_WARN_UNUSED_VARIABLE = YES;
				IPHONEOS_DEPLOYMENT_TARGET = 10.2;
				MTL_ENABLE_DEBUG_INFO = NO;
				SDKROOT = iphoneos;
				TARGETED_DEVICE_FAMILY = "1,2";
				VALIDATE_PRODUCT = YES;
			};
			name = Release;
		};
		48211E211E6305B800FF085A /* Debug */ = {
			isa = XCBuildConfiguration;
			buildSettings = {
				ASSETCATALOG_COMPILER_APPICON_NAME = AppIcon;
				DEVELOPMENT_TEAM = 4CX6972XTR;
				INFOPLIST_FILE = LoadButton/Info.plist;
				IPHONEOS_DEPLOYMENT_TARGET = 9.0;
				LD_RUNPATH_SEARCH_PATHS = "$(inherited) @executable_path/Frameworks";
				PRODUCT_BUNDLE_IDENTIFIER = com.lys.loadbutton.LoadButton;
				PRODUCT_NAME = "$(TARGET_NAME)";
			};
			name = Debug;
		};
		48211E221E6305B800FF085A /* Release */ = {
			isa = XCBuildConfiguration;
			buildSettings = {
				ASSETCATALOG_COMPILER_APPICON_NAME = AppIcon;
				DEVELOPMENT_TEAM = 4CX6972XTR;
				INFOPLIST_FILE = LoadButton/Info.plist;
				IPHONEOS_DEPLOYMENT_TARGET = 9.0;
				LD_RUNPATH_SEARCH_PATHS = "$(inherited) @executable_path/Frameworks";
				PRODUCT_BUNDLE_IDENTIFIER = com.lys.loadbutton.LoadButton;
				PRODUCT_NAME = "$(TARGET_NAME)";
			};
			name = Release;
		};
/* End XCBuildConfiguration section */

/* Begin XCConfigurationList section */
		48211E041E6305B800FF085A /* Build configuration list for PBXProject "LoadButton" */ = {
			isa = XCConfigurationList;
			buildConfigurations = (
				48211E1E1E6305B800FF085A /* Debug */,
				48211E1F1E6305B800FF085A /* Release */,
			);
			defaultConfigurationIsVisible = 0;
			defaultConfigurationName = Release;
		};
		48211E201E6305B800FF085A /* Build configuration list for PBXNativeTarget "LoadButton" */ = {
			isa = XCConfigurationList;
			buildConfigurations = (
				48211E211E6305B800FF085A /* Debug */,
				48211E221E6305B800FF085A /* Release */,
			);
			defaultConfigurationIsVisible = 0;
			defaultConfigurationName = Release;
		};
/* End XCConfigurationList section */
	};
	rootObject = 48211E011E6305B800FF085A /* Project object */;
}
